// !$*UTF8*$!
{
	archiveVersion = 1;
	classes = {
	};
	objectVersion = 45;
	objects = {

/* Begin PBXBuildFile section */
		1DDD58160DA1D0A300B32029 /* MainMenu.xib in Resources */ = {isa = PBXBuildFile; fileRef = 1DDD58140DA1D0A300B32029 /* MainMenu.xib */; };
		8D11072B0486CEB800E47090 /* InfoPlist.strings in Resources */ = {isa = PBXBuildFile; fileRef = 089C165CFE840E0CC02AAC07 /* InfoPlist.strings */; };
		8D11072D0486CEB800E47090 /* main.m in Sources */ = {isa = PBXBuildFile; fileRef = 29B97316FDCFA39411CA2CEA /* main.m */; settings = {ATTRIBUTES = (); }; };
		8D11072F0486CEB800E47090 /* Cocoa.framework in Frameworks */ = {isa = PBXBuildFile; fileRef = 1058C7A1FEA54F0111CA2CBB /* Cocoa.framework */; };
		B7000BA71180AE2B00C3DAEC /* BWToolkitFramework.framework in Frameworks */ = {isa = PBXBuildFile; fileRef = B7000BA61180AE2B00C3DAEC /* BWToolkitFramework.framework */; };
		B7000BD71180AE3300C3DAEC /* BWToolkitFramework.framework in Copy BWToolkit Bits */ = {isa = PBXBuildFile; fileRef = B7000BA61180AE2B00C3DAEC /* BWToolkitFramework.framework */; };
		B7000BFA1180B06800C3DAEC /* Add.tiff in Resources */ = {isa = PBXBuildFile; fileRef = B7000BF61180B06800C3DAEC /* Add.tiff */; };
		B7000BFB1180B06800C3DAEC /* Play.tiff in Resources */ = {isa = PBXBuildFile; fileRef = B7000BF71180B06800C3DAEC /* Play.tiff */; };
		B7000BFC1180B06800C3DAEC /* Spotlight.tiff in Resources */ = {isa = PBXBuildFile; fileRef = B7000BF81180B06800C3DAEC /* Spotlight.tiff */; };
		B7000BFD1180B06800C3DAEC /* Stop.tiff in Resources */ = {isa = PBXBuildFile; fileRef = B7000BF91180B06800C3DAEC /* Stop.tiff */; };
		B714F25911C7E24A000F1B0B /* libaudioDB.0.0.dylib in Frameworks */ = {isa = PBXBuildFile; fileRef = B714F25511C7E24A000F1B0B /* libaudioDB.0.0.dylib */; };
		B714F25D11C7E273000F1B0B /* libraptor.1.dylib in CopyFiles */ = {isa = PBXBuildFile; fileRef = B714F25611C7E24A000F1B0B /* libraptor.1.dylib */; };
		B714F25E11C7E273000F1B0B /* librasqal.2.dylib in CopyFiles */ = {isa = PBXBuildFile; fileRef = B714F25711C7E24A000F1B0B /* librasqal.2.dylib */; };
		B714F25F11C7E273000F1B0B /* librdf.0.dylib in CopyFiles */ = {isa = PBXBuildFile; fileRef = B714F25811C7E24A000F1B0B /* librdf.0.dylib */; };
		B732B6F111C92DF00059F3CC /* libvamp-sdk.dylib in CopyFiles */ = {isa = PBXBuildFile; fileRef = B732B6EF11C92DCB0059F3CC /* libvamp-sdk.dylib */; };
		B739034711B9400100F5B75C /* CAMUS.icns in Resources */ = {isa = PBXBuildFile; fileRef = B739034611B9400100F5B75C /* CAMUS.icns */; };
		B78FC0BC11AD9B7F0079400F /* sonic-annotator in Copy Executables */ = {isa = PBXBuildFile; fileRef = B78FC0BB11AD9B7F0079400F /* sonic-annotator */; };
		B7C0623311C10DDD008921C6 /* vamp-audiodb-plugins.n3 in Resources */ = {isa = PBXBuildFile; fileRef = B7C0622D11C10DDD008921C6 /* vamp-audiodb-plugins.n3 */; };
		B7C0623411C10DDD008921C6 /* vamp-libxtract.cat in Resources */ = {isa = PBXBuildFile; fileRef = B7C0622E11C10DDD008921C6 /* vamp-libxtract.cat */; };
		B7C0623611C10DDD008921C6 /* vamp-libxtract.n3 in Resources */ = {isa = PBXBuildFile; fileRef = B7C0623011C10DDD008921C6 /* vamp-libxtract.n3 */; };
		B7C0623811C10E03008921C6 /* qm-vamp-plugins.dylib in Copy Vamp Plugins */ = {isa = PBXBuildFile; fileRef = B7C0622B11C10DDD008921C6 /* qm-vamp-plugins.dylib */; };
		B7C0623911C10E03008921C6 /* vamp-audiodb-plugins.dylib in Copy Vamp Plugins */ = {isa = PBXBuildFile; fileRef = B7C0622C11C10DDD008921C6 /* vamp-audiodb-plugins.dylib */; };
		B7C0623A11C10E03008921C6 /* vamp-audiodb-plugins.n3 in Copy Vamp Plugins */ = {isa = PBXBuildFile; fileRef = B7C0622D11C10DDD008921C6 /* vamp-audiodb-plugins.n3 */; };
		B7C0623B11C10E03008921C6 /* vamp-libxtract.cat in Copy Vamp Plugins */ = {isa = PBXBuildFile; fileRef = B7C0622E11C10DDD008921C6 /* vamp-libxtract.cat */; };
		B7C0623C11C10E03008921C6 /* vamp-libxtract.dylib in Copy Vamp Plugins */ = {isa = PBXBuildFile; fileRef = B7C0622F11C10DDD008921C6 /* vamp-libxtract.dylib */; };
		B7C0623D11C10E03008921C6 /* vamp-libxtract.n3 in Copy Vamp Plugins */ = {isa = PBXBuildFile; fileRef = B7C0623011C10DDD008921C6 /* vamp-libxtract.n3 */; };
		B7CBF33211105F1700B8C1C8 /* AppController.m in Sources */ = {isa = PBXBuildFile; fileRef = B7CBF33111105F1700B8C1C8 /* AppController.m */; };
		B7E0FD5B114164430003AB08 /* BWToolkitFramework.framework in Frameworks */ = {isa = PBXBuildFile; fileRef = B7E0FD5A114164430003AB08 /* BWToolkitFramework.framework */; };
		B7E15C1611CBB1E9003092C7 /* Credits.html in Resources */ = {isa = PBXBuildFile; fileRef = B7E15C1511CBB1E9003092C7 /* Credits.html */; };
		B7E4DD9E11B8027700C787FE /* qm_mfcc.n3 in Resources */ = {isa = PBXBuildFile; fileRef = B7E4DD9A11B8027700C787FE /* qm_mfcc.n3 */; };
		B7E4DD9F11B8027700C787FE /* adb_cq.n3 in Resources */ = {isa = PBXBuildFile; fileRef = B7E4DD9B11B8027700C787FE /* adb_cq.n3 */; };
		B7E4DDA011B8027700C787FE /* qm_chroma.n3 in Resources */ = {isa = PBXBuildFile; fileRef = B7E4DD9C11B8027700C787FE /* qm_chroma.n3 */; };
		B7E4DDA111B8027700C787FE /* adb_chroma.n3 in Resources */ = {isa = PBXBuildFile; fileRef = B7E4DD9D11B8027700C787FE /* adb_chroma.n3 */; };
		B7E4DDA211B8027F00C787FE /* qm_mfcc.n3 in Copy rdf */ = {isa = PBXBuildFile; fileRef = B7E4DD9A11B8027700C787FE /* qm_mfcc.n3 */; };
		B7E4DDA311B8027F00C787FE /* adb_cq.n3 in Copy rdf */ = {isa = PBXBuildFile; fileRef = B7E4DD9B11B8027700C787FE /* adb_cq.n3 */; };
		B7E4DDA411B8027F00C787FE /* qm_chroma.n3 in Copy rdf */ = {isa = PBXBuildFile; fileRef = B7E4DD9C11B8027700C787FE /* qm_chroma.n3 */; };
		B7E4DDA511B8027F00C787FE /* adb_chroma.n3 in Copy rdf */ = {isa = PBXBuildFile; fileRef = B7E4DD9D11B8027700C787FE /* adb_chroma.n3 */; };
		B7F5914711AD98D40037F299 /* populate in Copy Executables */ = {isa = PBXBuildFile; fileRef = B7F5914611AD98D40037F299 /* populate */; };
		B7F9D0151189EFAA0023FEBF /* AudioToolbox.framework in Frameworks */ = {isa = PBXBuildFile; fileRef = B7F9D0141189EFAA0023FEBF /* AudioToolbox.framework */; };
/* End PBXBuildFile section */

/* Begin PBXCopyFilesBuildPhase section */
		B7C061FF11C103E4008921C6 /* Copy Vamp Plugins */ = {
			isa = PBXCopyFilesBuildPhase;
			buildActionMask = 2147483647;
			dstPath = Vamp;
			dstSubfolderSpec = 7;
			files = (
				B7C0623811C10E03008921C6 /* qm-vamp-plugins.dylib in Copy Vamp Plugins */,
				B7C0623911C10E03008921C6 /* vamp-audiodb-plugins.dylib in Copy Vamp Plugins */,
				B7C0623A11C10E03008921C6 /* vamp-audiodb-plugins.n3 in Copy Vamp Plugins */,
				B7C0623B11C10E03008921C6 /* vamp-libxtract.cat in Copy Vamp Plugins */,
				B7C0623C11C10E03008921C6 /* vamp-libxtract.dylib in Copy Vamp Plugins */,
				B7C0623D11C10E03008921C6 /* vamp-libxtract.n3 in Copy Vamp Plugins */,
			);
			name = "Copy Vamp Plugins";
			runOnlyForDeploymentPostprocessing = 0;
		};
		B7CBF42111108E6100B8C1C8 /* Copy BWToolkit Bits */ = {
			isa = PBXCopyFilesBuildPhase;
			buildActionMask = 2147483647;
			dstPath = "";
			dstSubfolderSpec = 10;
			files = (
				B7000BD71180AE3300C3DAEC /* BWToolkitFramework.framework in Copy BWToolkit Bits */,
			);
			name = "Copy BWToolkit Bits";
			runOnlyForDeploymentPostprocessing = 0;
		};
		B7E4DD9911B801F900C787FE /* Copy rdf */ = {
			isa = PBXCopyFilesBuildPhase;
			buildActionMask = 2147483647;
			dstPath = rdf;
			dstSubfolderSpec = 7;
			files = (
				B7E4DDA211B8027F00C787FE /* qm_mfcc.n3 in Copy rdf */,
				B7E4DDA311B8027F00C787FE /* adb_cq.n3 in Copy rdf */,
				B7E4DDA411B8027F00C787FE /* qm_chroma.n3 in Copy rdf */,
				B7E4DDA511B8027F00C787FE /* adb_chroma.n3 in Copy rdf */,
			);
			name = "Copy rdf";
			runOnlyForDeploymentPostprocessing = 0;
		};
		B7F5911F11AD88B20037F299 /* CopyFiles */ = {
			isa = PBXCopyFilesBuildPhase;
			buildActionMask = 2147483647;
			dstPath = "";
			dstSubfolderSpec = 10;
			files = (
				B732B6F111C92DF00059F3CC /* libvamp-sdk.dylib in CopyFiles */,
				B714F25D11C7E273000F1B0B /* libraptor.1.dylib in CopyFiles */,
				B714F25E11C7E273000F1B0B /* librasqal.2.dylib in CopyFiles */,
				B714F25F11C7E273000F1B0B /* librdf.0.dylib in CopyFiles */,
			);
			runOnlyForDeploymentPostprocessing = 0;
		};
		B7F5914511AD98B20037F299 /* Copy Executables */ = {
			isa = PBXCopyFilesBuildPhase;
			buildActionMask = 2147483647;
			dstPath = "";
			dstSubfolderSpec = 6;
			files = (
				B78FC0BC11AD9B7F0079400F /* sonic-annotator in Copy Executables */,
				B7F5914711AD98D40037F299 /* populate in Copy Executables */,
			);
			name = "Copy Executables";
			runOnlyForDeploymentPostprocessing = 0;
		};
/* End PBXCopyFilesBuildPhase section */

/* Begin PBXFileReference section */
		089C165DFE840E0CC02AAC07 /* English */ = {isa = PBXFileReference; fileEncoding = 10; lastKnownFileType = text.plist.strings; name = English; path = English.lproj/InfoPlist.strings; sourceTree = "<group>"; };
		1058C7A1FEA54F0111CA2CBB /* Cocoa.framework */ = {isa = PBXFileReference; lastKnownFileType = wrapper.framework; name = Cocoa.framework; path = /System/Library/Frameworks/Cocoa.framework; sourceTree = "<absolute>"; };
		13E42FB307B3F0F600E4EEF1 /* CoreData.framework */ = {isa = PBXFileReference; lastKnownFileType = wrapper.framework; name = CoreData.framework; path = /System/Library/Frameworks/CoreData.framework; sourceTree = "<absolute>"; };
		1DDD58150DA1D0A300B32029 /* English */ = {isa = PBXFileReference; lastKnownFileType = file.xib; name = English; path = English.lproj/MainMenu.xib; sourceTree = "<group>"; };
		29B97316FDCFA39411CA2CEA /* main.m */ = {isa = PBXFileReference; fileEncoding = 4; lastKnownFileType = sourcecode.c.objc; path = main.m; sourceTree = "<group>"; };
		29B97324FDCFA39411CA2CEA /* AppKit.framework */ = {isa = PBXFileReference; lastKnownFileType = wrapper.framework; name = AppKit.framework; path = /System/Library/Frameworks/AppKit.framework; sourceTree = "<absolute>"; };
		29B97325FDCFA39411CA2CEA /* Foundation.framework */ = {isa = PBXFileReference; lastKnownFileType = wrapper.framework; name = Foundation.framework; path = /System/Library/Frameworks/Foundation.framework; sourceTree = "<absolute>"; };
		8D1107310486CEB800E47090 /* Info.plist */ = {isa = PBXFileReference; fileEncoding = 4; lastKnownFileType = text.plist.xml; path = Info.plist; sourceTree = "<group>"; };
		8D1107320486CEB800E47090 /* CAMUS.app */ = {isa = PBXFileReference; explicitFileType = wrapper.application; includeInIndex = 0; path = CAMUS.app; sourceTree = BUILT_PRODUCTS_DIR; };
		B7000BA61180AE2B00C3DAEC /* BWToolkitFramework.framework */ = {isa = PBXFileReference; lastKnownFileType = wrapper.framework; path = BWToolkitFramework.framework; sourceTree = "<group>"; };
		B7000BF61180B06800C3DAEC /* Add.tiff */ = {isa = PBXFileReference; lastKnownFileType = image.tiff; path = Add.tiff; sourceTree = "<group>"; };
		B7000BF71180B06800C3DAEC /* Play.tiff */ = {isa = PBXFileReference; lastKnownFileType = image.tiff; path = Play.tiff; sourceTree = "<group>"; };
		B7000BF81180B06800C3DAEC /* Spotlight.tiff */ = {isa = PBXFileReference; lastKnownFileType = image.tiff; path = Spotlight.tiff; sourceTree = "<group>"; };
		B7000BF91180B06800C3DAEC /* Stop.tiff */ = {isa = PBXFileReference; lastKnownFileType = image.tiff; path = Stop.tiff; sourceTree = "<group>"; };
		B714F25511C7E24A000F1B0B /* libaudioDB.0.0.dylib */ = {isa = PBXFileReference; lastKnownFileType = "compiled.mach-o.dylib"; name = libaudioDB.0.0.dylib; path = libraries/libaudioDB.0.0.dylib; sourceTree = "<group>"; };
		B714F25611C7E24A000F1B0B /* libraptor.1.dylib */ = {isa = PBXFileReference; lastKnownFileType = "compiled.mach-o.dylib"; name = libraptor.1.dylib; path = libraries/libraptor.1.dylib; sourceTree = "<group>"; };
		B714F25711C7E24A000F1B0B /* librasqal.2.dylib */ = {isa = PBXFileReference; lastKnownFileType = "compiled.mach-o.dylib"; name = librasqal.2.dylib; path = libraries/librasqal.2.dylib; sourceTree = "<group>"; };
		B714F25811C7E24A000F1B0B /* librdf.0.dylib */ = {isa = PBXFileReference; lastKnownFileType = "compiled.mach-o.dylib"; name = librdf.0.dylib; path = libraries/librdf.0.dylib; sourceTree = "<group>"; };
		B732B6EF11C92DCB0059F3CC /* libvamp-sdk.dylib */ = {isa = PBXFileReference; lastKnownFileType = "compiled.mach-o.dylib"; name = "libvamp-sdk.dylib"; path = "libraries/libvamp-sdk.dylib"; sourceTree = "<group>"; };
		B739034611B9400100F5B75C /* CAMUS.icns */ = {isa = PBXFileReference; lastKnownFileType = image.icns; path = CAMUS.icns; sourceTree = "<group>"; };
		B754912911B80A0A0004A248 /* CAMUS_Prefix.pch */ = {isa = PBXFileReference; fileEncoding = 4; lastKnownFileType = sourcecode.c.h; path = CAMUS_Prefix.pch; sourceTree = "<group>"; };
		B78FC0BB11AD9B7F0079400F /* sonic-annotator */ = {isa = PBXFileReference; lastKnownFileType = "compiled.mach-o.executable"; name = "sonic-annotator"; path = "binaries/sonic-annotator"; sourceTree = "<group>"; };
		B7C0622B11C10DDD008921C6 /* qm-vamp-plugins.dylib */ = {isa = PBXFileReference; lastKnownFileType = "compiled.mach-o.dylib"; name = "qm-vamp-plugins.dylib"; path = "plugins/qm-vamp-plugins.dylib"; sourceTree = "<group>"; };
		B7C0622C11C10DDD008921C6 /* vamp-audiodb-plugins.dylib */ = {isa = PBXFileReference; lastKnownFileType = "compiled.mach-o.dylib"; name = "vamp-audiodb-plugins.dylib"; path = "plugins/vamp-audiodb-plugins.dylib"; sourceTree = "<group>"; };
		B7C0622D11C10DDD008921C6 /* vamp-audiodb-plugins.n3 */ = {isa = PBXFileReference; fileEncoding = 4; lastKnownFileType = text; name = "vamp-audiodb-plugins.n3"; path = "plugins/vamp-audiodb-plugins.n3"; sourceTree = "<group>"; };
		B7C0622E11C10DDD008921C6 /* vamp-libxtract.cat */ = {isa = PBXFileReference; fileEncoding = 4; lastKnownFileType = text; name = "vamp-libxtract.cat"; path = "plugins/vamp-libxtract.cat"; sourceTree = "<group>"; };
		B7C0622F11C10DDD008921C6 /* vamp-libxtract.dylib */ = {isa = PBXFileReference; lastKnownFileType = "compiled.mach-o.dylib"; name = "vamp-libxtract.dylib"; path = "plugins/vamp-libxtract.dylib"; sourceTree = "<group>"; };
		B7C0623011C10DDD008921C6 /* vamp-libxtract.n3 */ = {isa = PBXFileReference; fileEncoding = 4; lastKnownFileType = text; name = "vamp-libxtract.n3"; path = "plugins/vamp-libxtract.n3"; sourceTree = "<group>"; };
		B7CBF33011105F1700B8C1C8 /* AppController.h */ = {isa = PBXFileReference; fileEncoding = 4; lastKnownFileType = sourcecode.c.h; path = AppController.h; sourceTree = "<group>"; };
		B7CBF33111105F1700B8C1C8 /* AppController.m */ = {isa = PBXFileReference; fileEncoding = 4; lastKnownFileType = sourcecode.c.objc; path = AppController.m; sourceTree = "<group>"; };
		B7E0FD5A114164430003AB08 /* BWToolkitFramework.framework */ = {isa = PBXFileReference; lastKnownFileType = wrapper.framework; path = BWToolkitFramework.framework; sourceTree = "<group>"; };
		B7E15C1511CBB1E9003092C7 /* Credits.html */ = {isa = PBXFileReference; fileEncoding = 4; lastKnownFileType = text.html; path = Credits.html; sourceTree = "<group>"; };
		B7E4DD9A11B8027700C787FE /* qm_mfcc.n3 */ = {isa = PBXFileReference; fileEncoding = 4; lastKnownFileType = text; name = qm_mfcc.n3; path = rdf/qm_mfcc.n3; sourceTree = "<group>"; };
		B7E4DD9B11B8027700C787FE /* adb_cq.n3 */ = {isa = PBXFileReference; fileEncoding = 4; lastKnownFileType = text; name = adb_cq.n3; path = rdf/adb_cq.n3; sourceTree = "<group>"; };
		B7E4DD9C11B8027700C787FE /* qm_chroma.n3 */ = {isa = PBXFileReference; fileEncoding = 4; lastKnownFileType = text; name = qm_chroma.n3; path = rdf/qm_chroma.n3; sourceTree = "<group>"; };
		B7E4DD9D11B8027700C787FE /* adb_chroma.n3 */ = {isa = PBXFileReference; fileEncoding = 4; lastKnownFileType = text; name = adb_chroma.n3; path = rdf/adb_chroma.n3; sourceTree = "<group>"; };
		B7F5914611AD98D40037F299 /* populate */ = {isa = PBXFileReference; lastKnownFileType = "compiled.mach-o.executable"; name = populate; path = binaries/populate; sourceTree = "<group>"; };
		B7F9D0141189EFAA0023FEBF /* AudioToolbox.framework */ = {isa = PBXFileReference; lastKnownFileType = wrapper.framework; name = AudioToolbox.framework; path = /System/Library/Frameworks/AudioToolbox.framework; sourceTree = "<absolute>"; };
/* End PBXFileReference section */

/* Begin PBXFrameworksBuildPhase section */
		8D11072E0486CEB800E47090 /* Frameworks */ = {
			isa = PBXFrameworksBuildPhase;
			buildActionMask = 2147483647;
			files = (
				B7000BA71180AE2B00C3DAEC /* BWToolkitFramework.framework in Frameworks */,
				8D11072F0486CEB800E47090 /* Cocoa.framework in Frameworks */,
				B7E0FD5B114164430003AB08 /* BWToolkitFramework.framework in Frameworks */,
				B7F9D0151189EFAA0023FEBF /* AudioToolbox.framework in Frameworks */,
				B714F25911C7E24A000F1B0B /* libaudioDB.0.0.dylib in Frameworks */,
			);
			runOnlyForDeploymentPostprocessing = 0;
		};
/* End PBXFrameworksBuildPhase section */

/* Begin PBXGroup section */
		080E96DDFE201D6D7F000001 /* Classes */ = {
			isa = PBXGroup;
			children = (
				B7CBF33011105F1700B8C1C8 /* AppController.h */,
				B7CBF33111105F1700B8C1C8 /* AppController.m */,
			);
			name = Classes;
			sourceTree = "<group>";
		};
		1058C7A0FEA54F0111CA2CBB /* Linked Frameworks */ = {
			isa = PBXGroup;
			children = (
				1058C7A1FEA54F0111CA2CBB /* Cocoa.framework */,
			);
			name = "Linked Frameworks";
			sourceTree = "<group>";
		};
		1058C7A2FEA54F0111CA2CBB /* Other Frameworks */ = {
			isa = PBXGroup;
			children = (
				29B97324FDCFA39411CA2CEA /* AppKit.framework */,
				13E42FB307B3F0F600E4EEF1 /* CoreData.framework */,
				29B97325FDCFA39411CA2CEA /* Foundation.framework */,
			);
			name = "Other Frameworks";
			sourceTree = "<group>";
		};
		19C28FACFE9D520D11CA2CBB /* Products */ = {
			isa = PBXGroup;
			children = (
				8D1107320486CEB800E47090 /* CAMUS.app */,
			);
			name = Products;
			sourceTree = "<group>";
		};
		29B97314FDCFA39411CA2CEA /* CAMUS */ = {
			isa = PBXGroup;
			children = (
				B7C0624A11C135AB008921C6 /* libs */,
				B7000BA61180AE2B00C3DAEC /* BWToolkitFramework.framework */,
				080E96DDFE201D6D7F000001 /* Classes */,
				29B97315FDCFA39411CA2CEA /* Other Sources */,
				29B97317FDCFA39411CA2CEA /* Resources */,
				29B97323FDCFA39411CA2CEA /* Frameworks */,
				19C28FACFE9D520D11CA2CBB /* Products */,
			);
			name = CAMUS;
			sourceTree = "<group>";
		};
		29B97315FDCFA39411CA2CEA /* Other Sources */ = {
			isa = PBXGroup;
			children = (
				B754912911B80A0A0004A248 /* CAMUS_Prefix.pch */,
				29B97316FDCFA39411CA2CEA /* main.m */,
			);
			name = "Other Sources";
			sourceTree = "<group>";
		};
		29B97317FDCFA39411CA2CEA /* Resources */ = {
			isa = PBXGroup;
			children = (
				B7C0621411C106E9008921C6 /* Vamp */,
				B7E4DDAD11B8029F00C787FE /* binaries */,
				B7E4DDAC11B8029300C787FE /* rdf */,
				B7000BF51180B06800C3DAEC /* icons */,
				8D1107310486CEB800E47090 /* Info.plist */,
				089C165CFE840E0CC02AAC07 /* InfoPlist.strings */,
				1DDD58140DA1D0A300B32029 /* MainMenu.xib */,
				B7E15C1511CBB1E9003092C7 /* Credits.html */,
			);
			name = Resources;
			sourceTree = "<group>";
		};
		29B97323FDCFA39411CA2CEA /* Frameworks */ = {
			isa = PBXGroup;
			children = (
				B714F25511C7E24A000F1B0B /* libaudioDB.0.0.dylib */,
				B7F9D0141189EFAA0023FEBF /* AudioToolbox.framework */,
				B7E0FD5A114164430003AB08 /* BWToolkitFramework.framework */,
				1058C7A0FEA54F0111CA2CBB /* Linked Frameworks */,
				1058C7A2FEA54F0111CA2CBB /* Other Frameworks */,
			);
			name = Frameworks;
			sourceTree = "<group>";
		};
		B7000BF51180B06800C3DAEC /* icons */ = {
			isa = PBXGroup;
			children = (
				B739034611B9400100F5B75C /* CAMUS.icns */,
				B7000BF61180B06800C3DAEC /* Add.tiff */,
				B7000BF71180B06800C3DAEC /* Play.tiff */,
				B7000BF81180B06800C3DAEC /* Spotlight.tiff */,
				B7000BF91180B06800C3DAEC /* Stop.tiff */,
			);
			path = icons;
			sourceTree = "<group>";
		};
		B7C0621411C106E9008921C6 /* Vamp */ = {
			isa = PBXGroup;
			children = (
				B7C0622B11C10DDD008921C6 /* qm-vamp-plugins.dylib */,
				B7C0622C11C10DDD008921C6 /* vamp-audiodb-plugins.dylib */,
				B7C0622D11C10DDD008921C6 /* vamp-audiodb-plugins.n3 */,
				B7C0622E11C10DDD008921C6 /* vamp-libxtract.cat */,
				B7C0622F11C10DDD008921C6 /* vamp-libxtract.dylib */,
				B7C0623011C10DDD008921C6 /* vamp-libxtract.n3 */,
			);
			name = Vamp;
			sourceTree = "<group>";
		};
		B7C0624A11C135AB008921C6 /* libs */ = {
			isa = PBXGroup;
			children = (
				B732B6EF11C92DCB0059F3CC /* libvamp-sdk.dylib */,
				B714F25611C7E24A000F1B0B /* libraptor.1.dylib */,
				B714F25711C7E24A000F1B0B /* librasqal.2.dylib */,
				B714F25811C7E24A000F1B0B /* librdf.0.dylib */,
			);
			name = libs;
			sourceTree = "<group>";
		};
		B7E4DDAC11B8029300C787FE /* rdf */ = {
			isa = PBXGroup;
			children = (
				B7E4DD9A11B8027700C787FE /* qm_mfcc.n3 */,
				B7E4DD9B11B8027700C787FE /* adb_cq.n3 */,
				B7E4DD9C11B8027700C787FE /* qm_chroma.n3 */,
				B7E4DD9D11B8027700C787FE /* adb_chroma.n3 */,
			);
			name = rdf;
			sourceTree = "<group>";
		};
		B7E4DDAD11B8029F00C787FE /* binaries */ = {
			isa = PBXGroup;
			children = (
				B78FC0BB11AD9B7F0079400F /* sonic-annotator */,
				B7F5914611AD98D40037F299 /* populate */,
			);
			name = binaries;
			sourceTree = "<group>";
		};
/* End PBXGroup section */

/* Begin PBXNativeTarget section */
		8D1107260486CEB800E47090 /* CAMUS */ = {
			isa = PBXNativeTarget;
			buildConfigurationList = C01FCF4A08A954540054247B /* Build configuration list for PBXNativeTarget "CAMUS" */;
			buildPhases = (
				8D1107290486CEB800E47090 /* Resources */,
				8D11072C0486CEB800E47090 /* Sources */,
				8D11072E0486CEB800E47090 /* Frameworks */,
				B7CBF42111108E6100B8C1C8 /* Copy BWToolkit Bits */,
				B7F5911F11AD88B20037F299 /* CopyFiles */,
				B7F5914511AD98B20037F299 /* Copy Executables */,
				B7E4DD9911B801F900C787FE /* Copy rdf */,
				B7C061FF11C103E4008921C6 /* Copy Vamp Plugins */,
				B714F28211C7EC48000F1B0B /* ShellScript */,
			);
			buildRules = (
			);
			dependencies = (
			);
			name = CAMUS;
			productInstallPath = "$(HOME)/Applications";
			productName = CAMUS;
			productReference = 8D1107320486CEB800E47090 /* CAMUS.app */;
			productType = "com.apple.product-type.application";
		};
/* End PBXNativeTarget section */

/* Begin PBXProject section */
		29B97313FDCFA39411CA2CEA /* Project object */ = {
			isa = PBXProject;
			buildConfigurationList = C01FCF4E08A954540054247B /* Build configuration list for PBXProject "CAMUS" */;
			compatibilityVersion = "Xcode 3.1";
			hasScannedForEncodings = 1;
			mainGroup = 29B97314FDCFA39411CA2CEA /* CAMUS */;
			projectDirPath = "";
			projectRoot = "";
			targets = (
				8D1107260486CEB800E47090 /* CAMUS */,
			);
		};
/* End PBXProject section */

/* Begin PBXResourcesBuildPhase section */
		8D1107290486CEB800E47090 /* Resources */ = {
			isa = PBXResourcesBuildPhase;
			buildActionMask = 2147483647;
			files = (
				8D11072B0486CEB800E47090 /* InfoPlist.strings in Resources */,
				1DDD58160DA1D0A300B32029 /* MainMenu.xib in Resources */,
				B7000BFA1180B06800C3DAEC /* Add.tiff in Resources */,
				B7000BFB1180B06800C3DAEC /* Play.tiff in Resources */,
				B7000BFC1180B06800C3DAEC /* Spotlight.tiff in Resources */,
				B7000BFD1180B06800C3DAEC /* Stop.tiff in Resources */,
				B7E4DD9E11B8027700C787FE /* qm_mfcc.n3 in Resources */,
				B7E4DD9F11B8027700C787FE /* adb_cq.n3 in Resources */,
				B7E4DDA011B8027700C787FE /* qm_chroma.n3 in Resources */,
				B7E4DDA111B8027700C787FE /* adb_chroma.n3 in Resources */,
				B739034711B9400100F5B75C /* CAMUS.icns in Resources */,
				B7C0623311C10DDD008921C6 /* vamp-audiodb-plugins.n3 in Resources */,
				B7C0623411C10DDD008921C6 /* vamp-libxtract.cat in Resources */,
				B7C0623611C10DDD008921C6 /* vamp-libxtract.n3 in Resources */,
				B7E15C1611CBB1E9003092C7 /* Credits.html in Resources */,
			);
			runOnlyForDeploymentPostprocessing = 0;
		};
/* End PBXResourcesBuildPhase section */

/* Begin PBXShellScriptBuildPhase section */
		B714F28211C7EC48000F1B0B /* ShellScript */ = {
			isa = PBXShellScriptBuildPhase;
			buildActionMask = 2147483647;
			files = (
			);
			inputPaths = (
			);
			outputPaths = (
			);
			runOnlyForDeploymentPostprocessing = 0;
			shellPath = /bin/sh;
			shellScript = "install_name_tool -change libaudioDB.0.0.dylib @loader_path/../Frameworks/libaudioDB.0.0.dylib \"$TARGET_BUILD_DIR/$PRODUCT_NAME.app/Contents/MacOS/$PRODUCT_NAME\"";
		};
/* End PBXShellScriptBuildPhase section */

/* Begin PBXSourcesBuildPhase section */
		8D11072C0486CEB800E47090 /* Sources */ = {
			isa = PBXSourcesBuildPhase;
			buildActionMask = 2147483647;
			files = (
				8D11072D0486CEB800E47090 /* main.m in Sources */,
				B7CBF33211105F1700B8C1C8 /* AppController.m in Sources */,
			);
			runOnlyForDeploymentPostprocessing = 0;
		};
/* End PBXSourcesBuildPhase section */

/* Begin PBXVariantGroup section */
		089C165CFE840E0CC02AAC07 /* InfoPlist.strings */ = {
			isa = PBXVariantGroup;
			children = (
				089C165DFE840E0CC02AAC07 /* English */,
			);
			name = InfoPlist.strings;
			sourceTree = "<group>";
		};
		1DDD58140DA1D0A300B32029 /* MainMenu.xib */ = {
			isa = PBXVariantGroup;
			children = (
				1DDD58150DA1D0A300B32029 /* English */,
			);
			name = MainMenu.xib;
			sourceTree = "<group>";
		};
/* End PBXVariantGroup section */

/* Begin XCBuildConfiguration section */
		C01FCF4B08A954540054247B /* Debug */ = {
			isa = XCBuildConfiguration;
			buildSettings = {
				ALWAYS_SEARCH_USER_PATHS = YES;
				COPY_PHASE_STRIP = NO;
				FRAMEWORK_SEARCH_PATHS = (
					"$(inherited)",
					"\"$(SRCROOT)/..\"",
					"\"$(SRCROOT)\"",
				);
				GCC_DYNAMIC_NO_PIC = NO;
				GCC_ENABLE_FIX_AND_CONTINUE = YES;
				GCC_MODEL_TUNING = G5;
				GCC_OPTIMIZATION_LEVEL = 0;
				GCC_PRECOMPILE_PREFIX_HEADER = YES;
				GCC_PREFIX_HEADER = CAMUS_Prefix.pch;
				INFOPLIST_FILE = Info.plist;
				INSTALL_PATH = "$(HOME)/Applications";
				LIBRARY_SEARCH_PATHS = (
					"$(inherited)",
					"\"$(SRCROOT)\"",
					/opt/local/lib,
					"\"$(LOCAL_LIBRARY_DIR)/Audio/Plug-Ins/Vamp\"",
					"\"$(SRCROOT)/plugins\"",
					"\"$(SRCROOT)/nec_lib\"",
					"\"$(SRCROOT)/nec_lib_2\"",
					"\"$(SRCROOT)/libraries\"",
				);
				PRODUCT_NAME = CAMUS;
			};
			name = Debug;
		};
		C01FCF4C08A954540054247B /* Release */ = {
			isa = XCBuildConfiguration;
			buildSettings = {
				ALWAYS_SEARCH_USER_PATHS = YES;
				DEBUG_INFORMATION_FORMAT = "dwarf-with-dsym";
				FRAMEWORK_SEARCH_PATHS = (
					"$(inherited)",
					"\"$(SRCROOT)/..\"",
					"\"$(SRCROOT)\"",
				);
				GCC_MODEL_TUNING = G5;
				GCC_PRECOMPILE_PREFIX_HEADER = YES;
				GCC_PREFIX_HEADER = CAMUS_Prefix.pch;
				HEADER_SEARCH_PATHS = "/usr/local/include//**";
				INFOPLIST_FILE = Info.plist;
				INSTALL_PATH = "$(HOME)/Applications";
				LIBRARY_SEARCH_PATHS = (
					"/usr/local/lib//**",
					"\"$(SRCROOT)\"",
					/opt/local/lib,
					"\"$(LOCAL_LIBRARY_DIR)/Audio/Plug-Ins/Vamp\"",
					"\"$(SRCROOT)/plugins\"",
					"\"$(SRCROOT)/nec_lib\"",
					"\"$(SRCROOT)/nec_lib_2\"",
					"\"$(SRCROOT)/libraries\"",
				);
				ONLY_ACTIVE_ARCH = YES;
				PRODUCT_NAME = CAMUS;
				USER_HEADER_SEARCH_PATHS = "/usr/local//**";
			};
			name = Release;
		};
		C01FCF4F08A954540054247B /* Debug */ = {
			isa = XCBuildConfiguration;
			buildSettings = {
				ARCHS = "$(ARCHS_STANDARD_32_BIT)";
				GCC_C_LANGUAGE_STANDARD = c99;
				GCC_OPTIMIZATION_LEVEL = 0;
				GCC_WARN_ABOUT_RETURN_TYPE = YES;
				GCC_WARN_UNUSED_VARIABLE = YES;
				HEADER_SEARCH_PATHS = "/usr/local/include//**";
				LIBRARY_SEARCH_PATHS = "/usr/local/lib//**";
				ONLY_ACTIVE_ARCH = YES;
				PREBINDING = NO;
				SDKROOT = macosx10.5;
				USER_HEADER_SEARCH_PATHS = "/usr/local//**";
			};
			name = Debug;
		};
		C01FCF5008A954540054247B /* Release */ = {
			isa = XCBuildConfiguration;
			buildSettings = {
				ARCHS = "$(ARCHS_STANDARD_32_BIT)";
				GCC_C_LANGUAGE_STANDARD = c99;
				GCC_WARN_ABOUT_RETURN_TYPE = YES;
				GCC_WARN_UNUSED_VARIABLE = YES;
				PREBINDING = NO;
				SDKROOT = macosx10.5;
			};
			name = Release;
		};
/* End XCBuildConfiguration section */

/* Begin XCConfigurationList section */
		C01FCF4A08A954540054247B /* Build configuration list for PBXNativeTarget "CAMUS" */ = {
			isa = XCConfigurationList;
			buildConfigurations = (
				C01FCF4B08A954540054247B /* Debug */,
				C01FCF4C08A954540054247B /* Release */,
			);
			defaultConfigurationIsVisible = 0;
			defaultConfigurationName = Release;
		};
		C01FCF4E08A954540054247B /* Build configuration list for PBXProject "CAMUS" */ = {
			isa = XCConfigurationList;
			buildConfigurations = (
				C01FCF4F08A954540054247B /* Debug */,
				C01FCF5008A954540054247B /* Release */,
			);
			defaultConfigurationIsVisible = 0;
			defaultConfigurationName = Release;
		};
/* End XCConfigurationList section */
	};
	rootObject = 29B97313FDCFA39411CA2CEA /* Project object */;
}
